// !$*UTF8*$!
{
	archiveVersion = 1;
	classes = {
	};
	objectVersion = 46;
	objects = {

/* Begin PBXBuildFile section */
		52C4803D1B2836FC003EAE0B /* net_test.h in CopyFiles */ = {isa = PBXBuildFile; fileRef = 52C4803C1B2836FC003EAE0B /* net_test.h */; };
		52C4803F1B2836FC003EAE0B /* net_test.m in Sources */ = {isa = PBXBuildFile; fileRef = 52C4803E1B2836FC003EAE0B /* net_test.m */; };
		52C480451B2836FC003EAE0B /* libnet_test.a in Frameworks */ = {isa = PBXBuildFile; fileRef = 52C480391B2836FC003EAE0B /* libnet_test.a */; };
/* End PBXBuildFile section */

/* Begin PBXContainerItemProxy section */
		52C480461B2836FC003EAE0B /* PBXContainerItemProxy */ = {
			isa = PBXContainerItemProxy;
			containerPortal = 52C480311B2836FC003EAE0B /* Project object */;
			proxyType = 1;
			remoteGlobalIDString = 52C480381B2836FC003EAE0B;
			remoteInfo = net_test;
		};
/* End PBXContainerItemProxy section */

/* Begin PBXCopyFilesBuildPhase section */
		52C480371B2836FC003EAE0B /* CopyFiles */ = {
			isa = PBXCopyFilesBuildPhase;
			buildActionMask = 2147483647;
			dstPath = "include/$(PRODUCT_NAME)";
			dstSubfolderSpec = 16;
			files = (
				52C4803D1B2836FC003EAE0B /* net_test.h in CopyFiles */,
			);
			runOnlyForDeploymentPostprocessing = 0;
		};
/* End PBXCopyFilesBuildPhase section */

/* Begin PBXFileReference section */
		52C480391B2836FC003EAE0B /* libnet_test.a */ = {isa = PBXFileReference; explicitFileType = archive.ar; includeInIndex = 0; path = libnet_test.a; sourceTree = BUILT_PRODUCTS_DIR; };
		52C4803C1B2836FC003EAE0B /* net_test.h */ = {isa = PBXFileReference; lastKnownFileType = sourcecode.c.h; path = net_test.h; sourceTree = "<group>"; };
		52C4803E1B2836FC003EAE0B /* net_test.m */ = {isa = PBXFileReference; lastKnownFileType = sourcecode.c.objc; path = net_test.m; sourceTree = "<group>"; };
		52C480441B2836FC003EAE0B /* net_testTests.xctest */ = {isa = PBXFileReference; explicitFileType = wrapper.cfbundle; includeInIndex = 0; path = net_testTests.xctest; sourceTree = BUILT_PRODUCTS_DIR; };
		52C4804A1B2836FC003EAE0B /* Info.plist */ = {isa = PBXFileReference; lastKnownFileType = text.plist.xml; path = Info.plist; sourceTree = "<group>"; };
/* End PBXFileReference section */

/* Begin PBXFrameworksBuildPhase section */
		52C480361B2836FC003EAE0B /* Frameworks */ = {
			isa = PBXFrameworksBuildPhase;
			buildActionMask = 2147483647;
			files = (
			);
			runOnlyForDeploymentPostprocessing = 0;
		};
		52C480411B2836FC003EAE0B /* Frameworks */ = {
			isa = PBXFrameworksBuildPhase;
			buildActionMask = 2147483647;
			files = (
				52C480451B2836FC003EAE0B /* libnet_test.a in Frameworks */,
			);
			runOnlyForDeploymentPostprocessing = 0;
		};
/* End PBXFrameworksBuildPhase section */

/* Begin PBXGroup section */
		52C480301B2836FC003EAE0B = {
			isa = PBXGroup;
			children = (
				52C4803B1B2836FC003EAE0B /* net_test */,
				52C480481B2836FC003EAE0B /* net_testTests */,
				52C4803A1B2836FC003EAE0B /* Products */,
			);
			sourceTree = "<group>";
		};
		52C4803A1B2836FC003EAE0B /* Products */ = {
			isa = PBXGroup;
			children = (
				52C480391B2836FC003EAE0B /* libnet_test.a */,
				52C480441B2836FC003EAE0B /* net_testTests.xctest */,
			);
			name = Products;
			sourceTree = "<group>";
		};
		52C4803B1B2836FC003EAE0B /* net_test */ = {
			isa = PBXGroup;
			children = (
				52C4803C1B2836FC003EAE0B /* net_test.h */,
				52C4803E1B2836FC003EAE0B /* net_test.m */,
			);
			path = net_test;
			sourceTree = "<group>";
		};
		52C480481B2836FC003EAE0B /* net_testTests */ = {
			isa = PBXGroup;
			children = (
				52C480491B2836FC003EAE0B /* Supporting Files */,
			);
			path = net_testTests;
			sourceTree = "<group>";
		};
		52C480491B2836FC003EAE0B /* Supporting Files */ = {
			isa = PBXGroup;
			children = (
				52C4804A1B2836FC003EAE0B /* Info.plist */,
			);
			name = "Supporting Files";
			sourceTree = "<group>";
		};
/* End PBXGroup section */

/* Begin PBXNativeTarget section */
		52C480381B2836FC003EAE0B /* net_test */ = {
			isa = PBXNativeTarget;
			buildConfigurationList = 52C4804D1B2836FC003EAE0B /* Build configuration list for PBXNativeTarget "net_test" */;
			buildPhases = (
				52C480351B2836FC003EAE0B /* Sources */,
				52C480361B2836FC003EAE0B /* Frameworks */,
				52C480371B2836FC003EAE0B /* CopyFiles */,
			);
			buildRules = (
			);
			dependencies = (
			);
			name = net_test;
			productName = net_test;
			productReference = 52C480391B2836FC003EAE0B /* libnet_test.a */;
			productType = "com.apple.product-type.library.static";
		};
		52C480431B2836FC003EAE0B /* net_testTests */ = {
			isa = PBXNativeTarget;
			buildConfigurationList = 52C480501B2836FC003EAE0B /* Build configuration list for PBXNativeTarget "net_testTests" */;
			buildPhases = (
				52C480401B2836FC003EAE0B /* Sources */,
				52C480411B2836FC003EAE0B /* Frameworks */,
				52C480421B2836FC003EAE0B /* Resources */,
			);
			buildRules = (
			);
			dependencies = (
				52C480471B2836FC003EAE0B /* PBXTargetDependency */,
			);
			name = net_testTests;
			productName = net_testTests;
			productReference = 52C480441B2836FC003EAE0B /* net_testTests.xctest */;
			productType = "com.apple.product-type.bundle.unit-test";
		};
/* End PBXNativeTarget section */

/* Begin PBXProject section */
		52C480311B2836FC003EAE0B /* Project object */ = {
			isa = PBXProject;
			attributes = {
				LastUpgradeCheck = 0630;
				ORGANIZATIONNAME = "余礼钵";
				TargetAttributes = {
					52C480381B2836FC003EAE0B = {
						CreatedOnToolsVersion = 6.3.2;
					};
					52C480431B2836FC003EAE0B = {
						CreatedOnToolsVersion = 6.3.2;
					};
				};
			};
			buildConfigurationList = 52C480341B2836FC003EAE0B /* Build configuration list for PBXProject "net_test" */;
			compatibilityVersion = "Xcode 3.2";
			developmentRegion = English;
			hasScannedForEncodings = 0;
			knownRegions = (
				en,
			);
			mainGroup = 52C480301B2836FC003EAE0B;
			productRefGroup = 52C4803A1B2836FC003EAE0B /* Products */;
			projectDirPath = "";
			projectRoot = "";
			targets = (
				52C480381B2836FC003EAE0B /* net_test */,
				52C480431B2836FC003EAE0B /* net_testTests */,
			);
		};
/* End PBXProject section */

/* Begin PBXResourcesBuildPhase section */
		52C480421B2836FC003EAE0B /* Resources */ = {
			isa = PBXResourcesBuildPhase;
			buildActionMask = 2147483647;
			files = (
			);
			runOnlyForDeploymentPostprocessing = 0;
		};
/* End PBXResourcesBuildPhase section */

/* Begin PBXSourcesBuildPhase section */
		52C480351B2836FC003EAE0B /* Sources */ = {
			isa = PBXSourcesBuildPhase;
			buildActionMask = 2147483647;
			files = (
				52C4803F1B2836FC003EAE0B /* net_test.m in Sources */,
			);
			runOnlyForDeploymentPostprocessing = 0;
		};
		52C480401B2836FC003EAE0B /* Sources */ = {
			isa = PBXSourcesBuildPhase;
			buildActionMask = 2147483647;
			files = (
			);
			runOnlyForDeploymentPostprocessing = 0;
		};
/* End PBXSourcesBuildPhase section */

/* Begin PBXTargetDependency section */
		52C480471B2836FC003EAE0B /* PBXTargetDependency */ = {
			isa = PBXTargetDependency;
			target = 52C480381B2836FC003EAE0B /* net_test */;
			targetProxy = 52C480461B2836FC003EAE0B /* PBXContainerItemProxy */;
		};
/* End PBXTargetDependency section */

/* Begin XCBuildConfiguration section */
		52C4804B1B2836FC003EAE0B /* Debug */ = {
			isa = XCBuildConfiguration;
			buildSettings = {
				ALWAYS_SEARCH_USER_PATHS = NO;
				CLANG_CXX_LANGUAGE_STANDARD = "gnu++0x";
				CLANG_CXX_LIBRARY = "libc++";
				CLANG_ENABLE_MODULES = YES;
				CLANG_ENABLE_OBJC_ARC = YES;
				CLANG_WARN_BOOL_CONVERSION = YES;
				CLANG_WARN_CONSTANT_CONVERSION = YES;
				CLANG_WARN_DIRECT_OBJC_ISA_USAGE = YES_ERROR;
				CLANG_WARN_EMPTY_BODY = YES;
				CLANG_WARN_ENUM_CONVERSION = YES;
				CLANG_WARN_INT_CONVERSION = YES;
				CLANG_WARN_OBJC_ROOT_CLASS = YES_ERROR;
				CLANG_WARN_UNREACHABLE_CODE = YES;
				CLANG_WARN__DUPLICATE_METHOD_MATCH = YES;
				COPY_PHASE_STRIP = NO;
				DEBUG_INFORMATION_FORMAT = "dwarf-with-dsym";
				ENABLE_STRICT_OBJC_MSGSEND = YES;
				GCC_C_LANGUAGE_STANDARD = gnu99;
				GCC_DYNAMIC_NO_PIC = NO;
				GCC_NO_COMMON_BLOCKS = YES;
				GCC_OPTIMIZATION_LEVEL = 0;
				GCC_PREPROCESSOR_DEFINITIONS = (
					"DEBUG=1",
					"$(inherited)",
				);
				GCC_SYMBOLS_PRIVATE_EXTERN = NO;
				GCC_WARN_64_TO_32_BIT_CONVERSION = YES;
				GCC_WARN_ABOUT_RETURN_TYPE = YES_ERROR;
				GCC_WARN_UNDECLARED_SELECTOR = YES;
				GCC_WARN_UNINITIALIZED_AUTOS = YES_AGGRESSIVE;
				GCC_WARN_UNUSED_FUNCTION = YES;
				GCC_WARN_UNUSED_VARIABLE = YES;
				IPHONEOS_DEPLOYMENT_TARGET = 8.3;
				MTL_ENABLE_DEBUG_INFO = YES;
				ONLY_ACTIVE_ARCH = YES;
				SDKROOT = iphoneos;
			};
			name = Debug;
		};
		52C4804C1B2836FC003EAE0B /* Release */ = {
			isa = XCBuildConfiguration;
			buildSettings = {
				ALWAYS_SEARCH_USER_PATHS = NO;
				CLANG_CXX_LANGUAGE_STANDARD = "gnu++0x";
				CLANG_CXX_LIBRARY = "libc++";
				CLANG_ENABLE_MODULES = YES;
				CLANG_ENABLE_OBJC_ARC = YES;
				CLANG_WARN_BOOL_CONVERSION = YES;
				CLANG_WARN_CONSTANT_CONVERSION = YES;
				CLANG_WARN_DIRECT_OBJC_ISA_USAGE = YES_ERROR;
				CLANG_WARN_EMPTY_BODY = YES;
				CLANG_WARN_ENUM_CONVERSION = YES;
				CLANG_WARN_INT_CONVERSION = YES;
				CLANG_WARN_OBJC_ROOT_CLASS = YES_ERROR;
				CLANG_WARN_UNREACHABLE_CODE = YES;
				CLANG_WARN__DUPLICATE_METHOD_MATCH = YES;
				COPY_PHASE_STRIP = NO;
				DEBUG_INFORMATION_FORMAT = "dwarf-with-dsym";
				ENABLE_NS_ASSERTIONS = NO;
				ENABLE_STRICT_OBJC_MSGSEND = YES;
				GCC_C_LANGUAGE_STANDARD = gnu99;
				GCC_NO_COMMON_BLOCKS = YES;
				GCC_WARN_64_TO_32_BIT_CONVERSION = YES;
				GCC_WARN_ABOUT_RETURN_TYPE = YES_ERROR;
				GCC_WARN_UNDECLARED_SELECTOR = YES;
				GCC_WARN_UNINITIALIZED_AUTOS = YES_AGGRESSIVE;
				GCC_WARN_UNUSED_FUNCTION = YES;
				GCC_WARN_UNUSED_VARIABLE = YES;
				IPHONEOS_DEPLOYMENT_TARGET = 8.3;
				MTL_ENABLE_DEBUG_INFO = NO;
				SDKROOT = iphoneos;
				VALIDATE_PRODUCT = YES;
			};
			name = Release;
		};
		52C4804E1B2836FC003EAE0B /* Debug */ = {
			isa = XCBuildConfiguration;
			buildSettings = {
				OTHER_LDFLAGS = "-ObjC";
				PRODUCT_NAME = "$(TARGET_NAME)";
				SKIP_INSTALL = YES;
			};
			name = Debug;
		};
		52C4804F1B2836FC003EAE0B /* Release */ = {
			isa = XCBuildConfiguration;
			buildSettings = {
				OTHER_LDFLAGS = "-ObjC";
				PRODUCT_NAME = "$(TARGET_NAME)";
				SKIP_INSTALL = YES;
			};
			name = Release;
		};
		52C480511B2836FC003EAE0B /* Debug */ = {
			isa = XCBuildConfiguration;
			buildSettings = {
				"CODE_SIGN_IDENTITY[sdk=iphoneos*]" = "iPhone Developer";
				FRAMEWORK_SEARCH_PATHS = (
					"$(SDKROOT)/Developer/Library/Frameworks",
					"$(inherited)",
				);
				GCC_PREPROCESSOR_DEFINITIONS = (
					"DEBUG=1",
					"$(inherited)",
				);
				INFOPLIST_FILE = net_testTests/Info.plist;
				LD_RUNPATH_SEARCH_PATHS = "$(inherited) @executable_path/Frameworks @loader_path/Frameworks";
				PRODUCT_NAME = "$(TARGET_NAME)";
			};
			name = Debug;
		};
		52C480521B2836FC003EAE0B /* Release */ = {
			isa = XCBuildConfiguration;
			buildSettings = {
				"CODE_SIGN_IDENTITY[sdk=iphoneos*]" = "iPhone Developer";
				FRAMEWORK_SEARCH_PATHS = (
					"$(SDKROOT)/Developer/Library/Frameworks",
					"$(inherited)",
				);
				INFOPLIST_FILE = net_testTests/Info.plist;
				LD_RUNPATH_SEARCH_PATHS = "$(inherited) @executable_path/Frameworks @loader_path/Frameworks";
				PRODUCT_NAME = "$(TARGET_NAME)";
			};
			name = Release;
		};
/* End XCBuildConfiguration section */

/* Begin XCConfigurationList section */
		52C480341B2836FC003EAE0B /* Build configuration list for PBXProject "net_test" */ = {
			isa = XCConfigurationList;
			buildConfigurations = (
				52C4804B1B2836FC003EAE0B /* Debug */,
				52C4804C1B2836FC003EAE0B /* Release */,
			);
			defaultConfigurationIsVisible = 0;
			defaultConfigurationName = Release;
		};
		52C4804D1B2836FC003EAE0B /* Build configuration list for PBXNativeTarget "net_test" */ = {
			isa = XCConfigurationList;
			buildConfigurations = (
				52C4804E1B2836FC003EAE0B /* Debug */,
				52C4804F1B2836FC003EAE0B /* Release */,
			);
			defaultConfigurationIsVisible = 0;
		};
		52C480501B2836FC003EAE0B /* Build configuration list for PBXNativeTarget "net_testTests" */ = {
			isa = XCConfigurationList;
			buildConfigurations = (
				52C480511B2836FC003EAE0B /* Debug */,
				52C480521B2836FC003EAE0B /* Release */,
			);
			defaultConfigurationIsVisible = 0;
		};
/* End XCConfigurationList section */
	};
	rootObject = 52C480311B2836FC003EAE0B /* Project object */;
}
